
Microsoft Visual Studio Solution File, Format Version 12.00
# Visual Studio 15
VisualStudioVersion = 15.0.27130.2024
MinimumVisualStudioVersion = 10.0.40219.1
Project("{FAE04EC0-301F-11D3-BF4B-00C04F79EFBC}") = "Reg.LabAndExercise1", "Regex.LabAndExercise1\Reg.LabAndExercise1.csproj", "{249E3D00-967C-4053-BB12-53657E741873}"
EndProject
Project("{FAE04EC0-301F-11D3-BF4B-00C04F79EFBC}") = "Lab2", "Lab2\Lab2.csproj", "{889C9636-18AC-4352-89E8-5289103586AB}"
EndProject
Project("{FAE04EC0-301F-11D3-BF4B-00C04F79EFBC}") = "L3", "L3\L3.csproj", "{03875CB7-A152-4BF2-B47B-2380A92ACBEE}"
EndProject
Project("{FAE04EC0-301F-11D3-BF4B-00C04F79EFBC}") = "L4", "L4\L4.csproj", "{FA276560-B977-46D0-9E6A-3EC1696E82BE}"
EndProject
Project("{FAE04EC0-301F-11D3-BF4B-00C04F79EFBC}") = "L5", "L5\L5.csproj", "{F8680687-9931-410E-B1BF-EADF409E057D}"
EndProject
Project("{FAE04EC0-301F-11D3-BF4B-00C04F79EFBC}") = "L6", "L6\L6.csproj", "{431000A0-E122-48C0-A60F-56319B4398AD}"
EndProject
Project("{FAE04EC0-301F-11D3-BF4B-00C04F79EFBC}") = "E1", "E1\E1.csproj", "{DA220C61-9509-4DAA-976E-9CDCE181D94E}"
EndProject
Project("{FAE04EC0-301F-11D3-BF4B-00C04F79EFBC}") = "E2", "E2\E2.csproj", "{EF646F68-3E8F-4E9A-BF4E-BA937E9402F6}"
EndProject
Project("{FAE04EC0-301F-11D3-BF4B-00C04F79EFBC}") = "E3", "E3\E3.csproj", "{78496F5F-5E30-4885-9B5D-22B76CDB8393}"
EndProject
Project("{FAE04EC0-301F-11D3-BF4B-00C04F79EFBC}") = "E4", "E4\E4.csproj", "{E209257D-978A-45B2-9EC1-804EEFCA298E}"
EndProject
Project("{FAE04EC0-301F-11D3-BF4B-00C04F79EFBC}") = "E5", "E5\E5.csproj", "{D1B0052E-2487-4B69-88D4-2ED1D46D8601}"
EndProject
Global
	GlobalSection(SolutionConfigurationPlatforms) = preSolution
		Debug|Any CPU = Debug|Any CPU
		Release|Any CPU = Release|Any CPU
	EndGlobalSection
	GlobalSection(ProjectConfigurationPlatforms) = postSolution
		{249E3D00-967C-4053-BB12-53657E741873}.Debug|Any CPU.ActiveCfg = Debug|Any CPU
		{249E3D00-967C-4053-BB12-53657E741873}.Debug|Any CPU.Build.0 = Debug|Any CPU
		{249E3D00-967C-4053-BB12-53657E741873}.Release|Any CPU.ActiveCfg = Release|Any CPU
		{249E3D00-967C-4053-BB12-53657E741873}.Release|Any CPU.Build.0 = Release|Any CPU
		{889C9636-18AC-4352-89E8-5289103586AB}.Debug|Any CPU.ActiveCfg = Debug|Any CPU
		{889C9636-18AC-4352-89E8-5289103586AB}.Debug|Any CPU.Build.0 = Debug|Any CPU
		{889C9636-18AC-4352-89E8-5289103586AB}.Release|Any CPU.ActiveCfg = Release|Any CPU
		{889C9636-18AC-4352-89E8-5289103586AB}.Release|Any CPU.Build.0 = Release|Any CPU
		{03875CB7-A152-4BF2-B47B-2380A92ACBEE}.Debug|Any CPU.ActiveCfg = Debug|Any CPU
		{03875CB7-A152-4BF2-B47B-2380A92ACBEE}.Debug|Any CPU.Build.0 = Debug|Any CPU
		{03875CB7-A152-4BF2-B47B-2380A92ACBEE}.Release|Any CPU.ActiveCfg = Release|Any CPU
		{03875CB7-A152-4BF2-B47B-2380A92ACBEE}.Release|Any CPU.Build.0 = Release|Any CPU
		{FA276560-B977-46D0-9E6A-3EC1696E82BE}.Debug|Any CPU.ActiveCfg = Debug|Any CPU
		{FA276560-B977-46D0-9E6A-3EC1696E82BE}.Debug|Any CPU.Build.0 = Debug|Any CPU
		{FA276560-B977-46D0-9E6A-3EC1696E82BE}.Release|Any CPU.ActiveCfg = Release|Any CPU
		{FA276560-B977-46D0-9E6A-3EC1696E82BE}.Release|Any CPU.Build.0 = Release|Any CPU
		{F8680687-9931-410E-B1BF-EADF409E057D}.Debug|Any CPU.ActiveCfg = Debug|Any CPU
		{F8680687-9931-410E-B1BF-EADF409E057D}.Debug|Any CPU.Build.0 = Debug|Any CPU
		{F8680687-9931-410E-B1BF-EADF409E057D}.Release|Any CPU.ActiveCfg = Release|Any CPU
		{F8680687-9931-410E-B1BF-EADF409E057D}.Release|Any CPU.Build.0 = Release|Any CPU
		{431000A0-E122-48C0-A60F-56319B4398AD}.Debug|Any CPU.ActiveCfg = Debug|Any CPU
		{431000A0-E122-48C0-A60F-56319B4398AD}.Debug|Any CPU.Build.0 = Debug|Any CPU
		{431000A0-E122-48C0-A60F-56319B4398AD}.Release|Any CPU.ActiveCfg = Release|Any CPU
		{431000A0-E122-48C0-A60F-56319B4398AD}.Release|Any CPU.Build.0 = Release|Any CPU
		{DA220C61-9509-4DAA-976E-9CDCE181D94E}.Debug|Any CPU.ActiveCfg = Debug|Any CPU
		{DA220C61-9509-4DAA-976E-9CDCE181D94E}.Debug|Any CPU.Build.0 = Debug|Any CPU
		{DA220C61-9509-4DAA-976E-9CDCE181D94E}.Release|Any CPU.ActiveCfg = Release|Any CPU
		{DA220C61-9509-4DAA-976E-9CDCE181D94E}.Release|Any CPU.Build.0 = Release|Any CPU
		{EF646F68-3E8F-4E9A-BF4E-BA937E9402F6}.Debug|Any CPU.ActiveCfg = Debug|Any CPU
		{EF646F68-3E8F-4E9A-BF4E-BA937E9402F6}.Debug|Any CPU.Build.0 = Debug|Any CPU
		{EF646F68-3E8F-4E9A-BF4E-BA937E9402F6}.Release|Any CPU.ActiveCfg = Release|Any CPU
		{EF646F68-3E8F-4E9A-BF4E-BA937E9402F6}.Release|Any CPU.Build.0 = Release|Any CPU
		{78496F5F-5E30-4885-9B5D-22B76CDB8393}.Debug|Any CPU.ActiveCfg = Debug|Any CPU
		{78496F5F-5E30-4885-9B5D-22B76CDB8393}.Debug|Any CPU.Build.0 = Debug|Any CPU
		{78496F5F-5E30-4885-9B5D-22B76CDB8393}.Release|Any CPU.ActiveCfg = Release|Any CPU
		{78496F5F-5E30-4885-9B5D-22B76CDB8393}.Release|Any CPU.Build.0 = Release|Any CPU
		{E209257D-978A-45B2-9EC1-804EEFCA298E}.Debug|Any CPU.ActiveCfg = Debug|Any CPU
		{E209257D-978A-45B2-9EC1-804EEFCA298E}.Debug|Any CPU.Build.0 = Debug|Any CPU
		{E209257D-978A-45B2-9EC1-804EEFCA298E}.Release|Any CPU.ActiveCfg = Release|Any CPU
		{E209257D-978A-45B2-9EC1-804EEFCA298E}.Release|Any CPU.Build.0 = Release|Any CPU
		{D1B0052E-2487-4B69-88D4-2ED1D46D8601}.Debug|Any CPU.ActiveCfg = Debug|Any CPU
		{D1B0052E-2487-4B69-88D4-2ED1D46D8601}.Debug|Any CPU.Build.0 = Debug|Any CPU
		{D1B0052E-2487-4B69-88D4-2ED1D46D8601}.Release|Any CPU.ActiveCfg = Release|Any CPU
		{D1B0052E-2487-4B69-88D4-2ED1D46D8601}.Release|Any CPU.Build.0 = Release|Any CPU
	EndGlobalSection
	GlobalSection(SolutionProperties) = preSolution
		HideSolutionNode = FALSE
	EndGlobalSection
	GlobalSection(ExtensibilityGlobals) = postSolution
		SolutionGuid = {4431D4C8-71B8-46DC-8E10-12905CDCB730}
	EndGlobalSection
EndGlobal
